{
  "name": "webpack-plugin-css-variable",
  "version": "1.0.0",
  "lockfileVersion": 2,
  "requires": true,
  "packages": {
    "": {
      "name": "webpack-plugin-css-variable",
      "version": "1.0.0",
      "license": "MIT",
      "dependencies": {
        "webpack-sources": "^2.2.0"
      }
    },
    "node_modules/source-list-map": {
      "version": "2.0.1",
      "resolved": "https://registry.npmjs.org/source-list-map/-/source-list-map-2.0.1.tgz",
      "integrity": "sha512-qnQ7gVMxGNxsiL4lEuJwe/To8UnK7fAnmbGEEH8RpLouuKbeEm0lhbQVFIrNSuB+G7tVrAlVsZgETT5nljf+Iw=="
    },
    "node_modules/source-map": {
      "version": "0.6.1",
      "resolved": "https://registry.npmjs.org/source-map/-/source-map-0.6.1.tgz",
      "integrity": "sha512-UjgapumWlbMhkBgzT7Ykc5YXUT46F0iKu8SGXq0bcwP5dz/h0Plj6enJqjz1Zbq2l5WaqYnrVbwWOWMyF3F47g==",
      "engines": {
        "node": ">=0.10.0"
      }
    },
    "node_modules/webpack-sources": {
      "version": "2.3.1",
      "resolved": "https://registry.npmjs.org/webpack-sources/-/webpack-sources-2.3.1.tgz",
      "integrity": "sha512-y9EI9AO42JjEcrTJFOYmVywVZdKVUfOvDUPsJea5GIr1JOEGFVqwlY2K098fFoIjOkDzHn2AjRvM8dsBZu+gCA==",
      "dependencies": {
        "source-list-map": "^2.0.1",
        "source-map": "^0.6.1"
      },
      "engines": {
        "node": ">=10.13.0"
      }
    }
  },
  "dependencies": {
    "source-list-map": {
      "version": "2.0.1",
      "resolved": "https://registry.npmjs.org/source-list-map/-/source-list-map-2.0.1.tgz",
      "integrity": "sha512-qnQ7gVMxGNxsiL4lEuJwe/To8UnK7fAnmbGEEH8RpLouuKbeEm0lhbQVFIrNSuB+G7tVrAlVsZgETT5nljf+Iw=="
    },
    "source-map": {
      "version": "0.6.1",
      "resolved": "https://registry.npmjs.org/source-map/-/source-map-0.6.1.tgz",
      "integrity": "sha512-UjgapumWlbMhkBgzT7Ykc5YXUT46F0iKu8SGXq0bcwP5dz/h0Plj6enJqjz1Zbq2l5WaqYnrVbwWOWMyF3F47g=="
    },
    "webpack-sources": {
      "version": "2.3.1",
      "resolved": "https://registry.npmjs.org/webpack-sources/-/webpack-sources-2.3.1.tgz",
      "integrity": "sha512-y9EI9AO42JjEcrTJFOYmVywVZdKVUfOvDUPsJea5GIr1JOEGFVqwlY2K098fFoIjOkDzHn2AjRvM8dsBZu+gCA==",
      "requires": {
        "source-list-map": "^2.0.1",
        "source-map": "^0.6.1"
      }
    }
  }
}
